// !$*UTF8*$!
{
	archiveVersion = 1;
	classes = {
	};
	objectVersion = 56;
	objects = {

/* Begin PBXBuildFile section */
		6E7B0D962BF8A51E0046847C /* DatePickerApp.swift in Sources */ = {isa = PBXBuildFile; fileRef = 6E7B0D952BF8A51E0046847C /* DatePickerApp.swift */; };
		6E7B0D982BF8A51E0046847C /* ContentView.swift in Sources */ = {isa = PBXBuildFile; fileRef = 6E7B0D972BF8A51E0046847C /* ContentView.swift */; };
		6E7B0D9A2BF8A5200046847C /* Assets.xcassets in Resources */ = {isa = PBXBuildFile; fileRef = 6E7B0D992BF8A5200046847C /* Assets.xcassets */; };
		6E7B0D9D2BF8A5200046847C /* Preview Assets.xcassets in Resources */ = {isa = PBXBuildFile; fileRef = 6E7B0D9C2BF8A5200046847C /* Preview Assets.xcassets */; };
		6E7B0DA72BF8A5200046847C /* DatePickerTests.swift in Sources */ = {isa = PBXBuildFile; fileRef = 6E7B0DA62BF8A5200046847C /* DatePickerTests.swift */; };
		6E7B0DB12BF8A5200046847C /* DatePickerUITests.swift in Sources */ = {isa = PBXBuildFile; fileRef = 6E7B0DB02BF8A5200046847C /* DatePickerUITests.swift */; };
		6E7B0DB32BF8A5200046847C /* DatePickerUITestsLaunchTests.swift in Sources */ = {isa = PBXBuildFile; fileRef = 6E7B0DB22BF8A5200046847C /* DatePickerUITestsLaunchTests.swift */; };
/* End PBXBuildFile section */

/* Begin PBXContainerItemProxy section */
		6E7B0DA32BF8A5200046847C /* PBXContainerItemProxy */ = {
			isa = PBXContainerItemProxy;
			containerPortal = 6E7B0D8A2BF8A51E0046847C /* Project object */;
			proxyType = 1;
			remoteGlobalIDString = 6E7B0D912BF8A51E0046847C;
			remoteInfo = DatePicker;
		};
		6E7B0DAD2BF8A5200046847C /* PBXContainerItemProxy */ = {
			isa = PBXContainerItemProxy;
			containerPortal = 6E7B0D8A2BF8A51E0046847C /* Project object */;
			proxyType = 1;
			remoteGlobalIDString = 6E7B0D912BF8A51E0046847C;
			remoteInfo = DatePicker;
		};
/* End PBXContainerItemProxy section */

/* Begin PBXFileReference section */
		6E7B0D922BF8A51E0046847C /* DatePicker.app */ = {isa = PBXFileReference; explicitFileType = wrapper.application; includeInIndex = 0; path = DatePicker.app; sourceTree = BUILT_PRODUCTS_DIR; };
		6E7B0D952BF8A51E0046847C /* DatePickerApp.swift */ = {isa = PBXFileReference; lastKnownFileType = sourcecode.swift; path = DatePickerApp.swift; sourceTree = "<group>"; };
		6E7B0D972BF8A51E0046847C /* ContentView.swift */ = {isa = PBXFileReference; lastKnownFileType = sourcecode.swift; path = ContentView.swift; sourceTree = "<group>"; };
		6E7B0D992BF8A5200046847C /* Assets.xcassets */ = {isa = PBXFileReference; lastKnownFileType = folder.assetcatalog; path = Assets.xcassets; sourceTree = "<group>"; };
		6E7B0D9C2BF8A5200046847C /* Preview Assets.xcassets */ = {isa = PBXFileReference; lastKnownFileType = folder.assetcatalog; path = "Preview Assets.xcassets"; sourceTree = "<group>"; };
		6E7B0DA22BF8A5200046847C /* DatePickerTests.xctest */ = {isa = PBXFileReference; explicitFileType = wrapper.cfbundle; includeInIndex = 0; path = DatePickerTests.xctest; sourceTree = BUILT_PRODUCTS_DIR; };
		6E7B0DA62BF8A5200046847C /* DatePickerTests.swift */ = {isa = PBXFileReference; lastKnownFileType = sourcecode.swift; path = DatePickerTests.swift; sourceTree = "<group>"; };
		6E7B0DAC2BF8A5200046847C /* DatePickerUITests.xctest */ = {isa = PBXFileReference; explicitFileType = wrapper.cfbundle; includeInIndex = 0; path = DatePickerUITests.xctest; sourceTree = BUILT_PRODUCTS_DIR; };
		6E7B0DB02BF8A5200046847C /* DatePickerUITests.swift */ = {isa = PBXFileReference; lastKnownFileType = sourcecode.swift; path = DatePickerUITests.swift; sourceTree = "<group>"; };
		6E7B0DB22BF8A5200046847C /* DatePickerUITestsLaunchTests.swift */ = {isa = PBXFileReference; lastKnownFileType = sourcecode.swift; path = DatePickerUITestsLaunchTests.swift; sourceTree = "<group>"; };
/* End PBXFileReference section */

/* Begin PBXFrameworksBuildPhase section */
		6E7B0D8F2BF8A51E0046847C /* Frameworks */ = {
			isa = PBXFrameworksBuildPhase;
			buildActionMask = 2147483647;
			files = (
			);
			runOnlyForDeploymentPostprocessing = 0;
		};
		6E7B0D9F2BF8A5200046847C /* Frameworks */ = {
			isa = PBXFrameworksBuildPhase;
			buildActionMask = 2147483647;
			files = (
			);
			runOnlyForDeploymentPostprocessing = 0;
		};
		6E7B0DA92BF8A5200046847C /* Frameworks */ = {
			isa = PBXFrameworksBuildPhase;
			buildActionMask = 2147483647;
			files = (
			);
			runOnlyForDeploymentPostprocessing = 0;
		};
/* End PBXFrameworksBuildPhase section */

/* Begin PBXGroup section */
		6E7B0D892BF8A51E0046847C = {
			isa = PBXGroup;
			children = (
				6E7B0D942BF8A51E0046847C /* DatePicker */,
				6E7B0DA52BF8A5200046847C /* DatePickerTests */,
				6E7B0DAF2BF8A5200046847C /* DatePickerUITests */,
				6E7B0D932BF8A51E0046847C /* Products */,
			);
			sourceTree = "<group>";
		};
		6E7B0D932BF8A51E0046847C /* Products */ = {
			isa = PBXGroup;
			children = (
				6E7B0D922BF8A51E0046847C /* DatePicker.app */,
				6E7B0DA22BF8A5200046847C /* DatePickerTests.xctest */,
				6E7B0DAC2BF8A5200046847C /* DatePickerUITests.xctest */,
			);
			name = Products;
			sourceTree = "<group>";
		};
		6E7B0D942BF8A51E0046847C /* DatePicker */ = {
			isa = PBXGroup;
			children = (
				6E7B0D952BF8A51E0046847C /* DatePickerApp.swift */,
				6E7B0D972BF8A51E0046847C /* ContentView.swift */,
				6E7B0D992BF8A5200046847C /* Assets.xcassets */,
				6E7B0D9B2BF8A5200046847C /* Preview Content */,
			);
			path = DatePicker;
			sourceTree = "<group>";
		};
		6E7B0D9B2BF8A5200046847C /* Preview Content */ = {
			isa = PBXGroup;
			children = (
				6E7B0D9C2BF8A5200046847C /* Preview Assets.xcassets */,
			);
			path = "Preview Content";
			sourceTree = "<group>";
		};
		6E7B0DA52BF8A5200046847C /* DatePickerTests */ = {
			isa = PBXGroup;
			children = (
				6E7B0DA62BF8A5200046847C /* DatePickerTests.swift */,
			);
			path = DatePickerTests;
			sourceTree = "<group>";
		};
		6E7B0DAF2BF8A5200046847C /* DatePickerUITests */ = {
			isa = PBXGroup;
			children = (
				6E7B0DB02BF8A5200046847C /* DatePickerUITests.swift */,
				6E7B0DB22BF8A5200046847C /* DatePickerUITestsLaunchTests.swift */,
			);
			path = DatePickerUITests;
			sourceTree = "<group>";
		};
/* End PBXGroup section */

/* Begin PBXNativeTarget section */
		6E7B0D912BF8A51E0046847C /* DatePicker */ = {
			isa = PBXNativeTarget;
			buildConfigurationList = 6E7B0DB62BF8A5200046847C /* Build configuration list for PBXNativeTarget "DatePicker" */;
			buildPhases = (
				6E7B0D8E2BF8A51E0046847C /* Sources */,
				6E7B0D8F2BF8A51E0046847C /* Frameworks */,
				6E7B0D902BF8A51E0046847C /* Resources */,
			);
			buildRules = (
			);
			dependencies = (
			);
			name = DatePicker;
			productName = DatePicker;
			productReference = 6E7B0D922BF8A51E0046847C /* DatePicker.app */;
			productType = "com.apple.product-type.application";
		};
		6E7B0DA12BF8A5200046847C /* DatePickerTests */ = {
			isa = PBXNativeTarget;
			buildConfigurationList = 6E7B0DB92BF8A5200046847C /* Build configuration list for PBXNativeTarget "DatePickerTests" */;
			buildPhases = (
				6E7B0D9E2BF8A5200046847C /* Sources */,
				6E7B0D9F2BF8A5200046847C /* Frameworks */,
				6E7B0DA02BF8A5200046847C /* Resources */,
			);
			buildRules = (
			);
			dependencies = (
				6E7B0DA42BF8A5200046847C /* PBXTargetDependency */,
			);
			name = DatePickerTests;
			productName = DatePickerTests;
			productReference = 6E7B0DA22BF8A5200046847C /* DatePickerTests.xctest */;
			productType = "com.apple.product-type.bundle.unit-test";
		};
		6E7B0DAB2BF8A5200046847C /* DatePickerUITests */ = {
			isa = PBXNativeTarget;
			buildConfigurationList = 6E7B0DBC2BF8A5200046847C /* Build configuration list for PBXNativeTarget "DatePickerUITests" */;
			buildPhases = (
				6E7B0DA82BF8A5200046847C /* Sources */,
				6E7B0DA92BF8A5200046847C /* Frameworks */,
				6E7B0DAA2BF8A5200046847C /* Resources */,
			);
			buildRules = (
			);
			dependencies = (
				6E7B0DAE2BF8A5200046847C /* PBXTargetDependency */,
			);
			name = DatePickerUITests;
			productName = DatePickerUITests;
			productReference = 6E7B0DAC2BF8A5200046847C /* DatePickerUITests.xctest */;
			productType = "com.apple.product-type.bundle.ui-testing";
		};
/* End PBXNativeTarget section */

/* Begin PBXProject section */
		6E7B0D8A2BF8A51E0046847C /* Project object */ = {
			isa = PBXProject;
			attributes = {
				BuildIndependentTargetsInParallel = 1;
				LastSwiftUpdateCheck = 1540;
				LastUpgradeCheck = 1540;
				TargetAttributes = {
					6E7B0D912BF8A51E0046847C = {
						CreatedOnToolsVersion = 15.4;
					};
					6E7B0DA12BF8A5200046847C = {
						CreatedOnToolsVersion = 15.4;
						TestTargetID = 6E7B0D912BF8A51E0046847C;
					};
					6E7B0DAB2BF8A5200046847C = {
						CreatedOnToolsVersion = 15.4;
						TestTargetID = 6E7B0D912BF8A51E0046847C;
					};
				};
			};
			buildConfigurationList = 6E7B0D8D2BF8A51E0046847C /* Build configuration list for PBXProject "DatePicker" */;
			compatibilityVersion = "Xcode 14.0";
			developmentRegion = en;
			hasScannedForEncodings = 0;
			knownRegions = (
				en,
				Base,
			);
			mainGroup = 6E7B0D892BF8A51E0046847C;
			productRefGroup = 6E7B0D932BF8A51E0046847C /* Products */;
			projectDirPath = "";
			projectRoot = "";
			targets = (
				6E7B0D912BF8A51E0046847C /* DatePicker */,
				6E7B0DA12BF8A5200046847C /* DatePickerTests */,
				6E7B0DAB2BF8A5200046847C /* DatePickerUITests */,
			);
		};
/* End PBXProject section */

/* Begin PBXResourcesBuildPhase section */
		6E7B0D902BF8A51E0046847C /* Resources */ = {
			isa = PBXResourcesBuildPhase;
			buildActionMask = 2147483647;
			files = (
				6E7B0D9D2BF8A5200046847C /* Preview Assets.xcassets in Resources */,
				6E7B0D9A2BF8A5200046847C /* Assets.xcassets in Resources */,
			);
			runOnlyForDeploymentPostprocessing = 0;
		};
		6E7B0DA02BF8A5200046847C /* Resources */ = {
			isa = PBXResourcesBuildPhase;
			buildActionMask = 2147483647;
			files = (
			);
			runOnlyForDeploymentPostprocessing = 0;
		};
		6E7B0DAA2BF8A5200046847C /* Resources */ = {
			isa = PBXResourcesBuildPhase;
			buildActionMask = 2147483647;
			files = (
			);
			runOnlyForDeploymentPostprocessing = 0;
		};
/* End PBXResourcesBuildPhase section */

/* Begin PBXSourcesBuildPhase section */
		6E7B0D8E2BF8A51E0046847C /* Sources */ = {
			isa = PBXSourcesBuildPhase;
			buildActionMask = 2147483647;
			files = (
				6E7B0D982BF8A51E0046847C /* ContentView.swift in Sources */,
				6E7B0D962BF8A51E0046847C /* DatePickerApp.swift in Sources */,
			);
			runOnlyForDeploymentPostprocessing = 0;
		};
		6E7B0D9E2BF8A5200046847C /* Sources */ = {
			isa = PBXSourcesBuildPhase;
			buildActionMask = 2147483647;
			files = (
				6E7B0DA72BF8A5200046847C /* DatePickerTests.swift in Sources */,
			);
			runOnlyForDeploymentPostprocessing = 0;
		};
		6E7B0DA82BF8A5200046847C /* Sources */ = {
			isa = PBXSourcesBuildPhase;
			buildActionMask = 2147483647;
			files = (
				6E7B0DB32BF8A5200046847C /* DatePickerUITestsLaunchTests.swift in Sources */,
				6E7B0DB12BF8A5200046847C /* DatePickerUITests.swift in Sources */,
			);
			runOnlyForDeploymentPostprocessing = 0;
		};
/* End PBXSourcesBuildPhase section */

/* Begin PBXTargetDependency section */
		6E7B0DA42BF8A5200046847C /* PBXTargetDependency */ = {
			isa = PBXTargetDependency;
			target = 6E7B0D912BF8A51E0046847C /* DatePicker */;
			targetProxy = 6E7B0DA32BF8A5200046847C /* PBXContainerItemProxy */;
		};
		6E7B0DAE2BF8A5200046847C /* PBXTargetDependency */ = {
			isa = PBXTargetDependency;
			target = 6E7B0D912BF8A51E0046847C /* DatePicker */;
			targetProxy = 6E7B0DAD2BF8A5200046847C /* PBXContainerItemProxy */;
		};
/* End PBXTargetDependency section */

/* Begin XCBuildConfiguration section */
		6E7B0DB42BF8A5200046847C /* Debug */ = {
			isa = XCBuildConfiguration;
			buildSettings = {
				ALWAYS_SEARCH_USER_PATHS = NO;
				ASSETCATALOG_COMPILER_GENERATE_SWIFT_ASSET_SYMBOL_EXTENSIONS = YES;
				CLANG_ANALYZER_NONNULL = YES;
				CLANG_ANALYZER_NUMBER_OBJECT_CONVERSION = YES_AGGRESSIVE;
				CLANG_CXX_LANGUAGE_STANDARD = "gnu++20";
				CLANG_ENABLE_MODULES = YES;
				CLANG_ENABLE_OBJC_ARC = YES;
				CLANG_ENABLE_OBJC_WEAK = YES;
				CLANG_WARN_BLOCK_CAPTURE_AUTORELEASING = YES;
				CLANG_WARN_BOOL_CONVERSION = YES;
				CLANG_WARN_COMMA = YES;
				CLANG_WARN_CONSTANT_CONVERSION = YES;
				CLANG_WARN_DEPRECATED_OBJC_IMPLEMENTATIONS = YES;
				CLANG_WARN_DIRECT_OBJC_ISA_USAGE = YES_ERROR;
				CLANG_WARN_DOCUMENTATION_COMMENTS = YES;
				CLANG_WARN_EMPTY_BODY = YES;
				CLANG_WARN_ENUM_CONVERSION = YES;
				CLANG_WARN_INFINITE_RECURSION = YES;
				CLANG_WARN_INT_CONVERSION = YES;
				CLANG_WARN_NON_LITERAL_NULL_CONVERSION = YES;
				CLANG_WARN_OBJC_IMPLICIT_RETAIN_SELF = YES;
				CLANG_WARN_OBJC_LITERAL_CONVERSION = YES;
				CLANG_WARN_OBJC_ROOT_CLASS = YES_ERROR;
				CLANG_WARN_QUOTED_INCLUDE_IN_FRAMEWORK_HEADER = YES;
				CLANG_WARN_RANGE_LOOP_ANALYSIS = YES;
				CLANG_WARN_STRICT_PROTOTYPES = YES;
				CLANG_WARN_SUSPICIOUS_MOVE = YES;
				CLANG_WARN_UNGUARDED_AVAILABILITY = YES_AGGRESSIVE;
				CLANG_WARN_UNREACHABLE_CODE = YES;
				CLANG_WARN__DUPLICATE_METHOD_MATCH = YES;
				COPY_PHASE_STRIP = NO;
				DEBUG_INFORMATION_FORMAT = dwarf;
				ENABLE_STRICT_OBJC_MSGSEND = YES;
				ENABLE_TESTABILITY = YES;
				ENABLE_USER_SCRIPT_SANDBOXING = YES;
				GCC_C_LANGUAGE_STANDARD = gnu17;
				GCC_DYNAMIC_NO_PIC = NO;
				GCC_NO_COMMON_BLOCKS = YES;
				GCC_OPTIMIZATION_LEVEL = 0;
				GCC_PREPROCESSOR_DEFINITIONS = (
					"DEBUG=1",
					"$(inherited)",
				);
				GCC_WARN_64_TO_32_BIT_CONVERSION = YES;
				GCC_WARN_ABOUT_RETURN_TYPE = YES_ERROR;
				GCC_WARN_UNDECLARED_SELECTOR = YES;
				GCC_WARN_UNINITIALIZED_AUTOS = YES_AGGRESSIVE;
				GCC_WARN_UNUSED_FUNCTION = YES;
				GCC_WARN_UNUSED_VARIABLE = YES;
				IPHONEOS_DEPLOYMENT_TARGET = 17.5;
				LOCALIZATION_PREFERS_STRING_CATALOGS = YES;
				MTL_ENABLE_DEBUG_INFO = INCLUDE_SOURCE;
				MTL_FAST_MATH = YES;
				ONLY_ACTIVE_ARCH = YES;
				SDKROOT = iphoneos;
				SWIFT_ACTIVE_COMPILATION_CONDITIONS = "DEBUG $(inherited)";
				SWIFT_OPTIMIZATION_LEVEL = "-Onone";
			};
			name = Debug;
		};
		6E7B0DB52BF8A5200046847C /* Release */ = {
			isa = XCBuildConfiguration;
			buildSettings = {
				ALWAYS_SEARCH_USER_PATHS = NO;
				ASSETCATALOG_COMPILER_GENERATE_SWIFT_ASSET_SYMBOL_EXTENSIONS = YES;
				CLANG_ANALYZER_NONNULL = YES;
				CLANG_ANALYZER_NUMBER_OBJECT_CONVERSION = YES_AGGRESSIVE;
				CLANG_CXX_LANGUAGE_STANDARD = "gnu++20";
				CLANG_ENABLE_MODULES = YES;
				CLANG_ENABLE_OBJC_ARC = YES;
				CLANG_ENABLE_OBJC_WEAK = YES;
				CLANG_WARN_BLOCK_CAPTURE_AUTORELEASING = YES;
				CLANG_WARN_BOOL_CONVERSION = YES;
				CLANG_WARN_COMMA = YES;
				CLANG_WARN_CONSTANT_CONVERSION = YES;
				CLANG_WARN_DEPRECATED_OBJC_IMPLEMENTATIONS = YES;
				CLANG_WARN_DIRECT_OBJC_ISA_USAGE = YES_ERROR;
				CLANG_WARN_DOCUMENTATION_COMMENTS = YES;
				CLANG_WARN_EMPTY_BODY = YES;
				CLANG_WARN_ENUM_CONVERSION = YES;
				CLANG_WARN_INFINITE_RECURSION = YES;
				CLANG_WARN_INT_CONVERSION = YES;
				CLANG_WARN_NON_LITERAL_NULL_CONVERSION = YES;
				CLANG_WARN_OBJC_IMPLICIT_RETAIN_SELF = YES;
				CLANG_WARN_OBJC_LITERAL_CONVERSION = YES;
				CLANG_WARN_OBJC_ROOT_CLASS = YES_ERROR;
				CLANG_WARN_QUOTED_INCLUDE_IN_FRAMEWORK_HEADER = YES;
				CLANG_WARN_RANGE_LOOP_ANALYSIS = YES;
				CLANG_WARN_STRICT_PROTOTYPES = YES;
				CLANG_WARN_SUSPICIOUS_MOVE = YES;
				CLANG_WARN_UNGUARDED_AVAILABILITY = YES_AGGRESSIVE;
				CLANG_WARN_UNREACHABLE_CODE = YES;
				CLANG_WARN__DUPLICATE_METHOD_MATCH = YES;
				COPY_PHASE_STRIP = NO;
				DEBUG_INFORMATION_FORMAT = "dwarf-with-dsym";
				ENABLE_NS_ASSERTIONS = NO;
				ENABLE_STRICT_OBJC_MSGSEND = YES;
				ENABLE_USER_SCRIPT_SANDBOXING = YES;
				GCC_C_LANGUAGE_STANDARD = gnu17;
				GCC_NO_COMMON_BLOCKS = YES;
				GCC_WARN_64_TO_32_BIT_CONVERSION = YES;
				GCC_WARN_ABOUT_RETURN_TYPE = YES_ERROR;
				GCC_WARN_UNDECLARED_SELECTOR = YES;
				GCC_WARN_UNINITIALIZED_AUTOS = YES_AGGRESSIVE;
				GCC_WARN_UNUSED_FUNCTION = YES;
				GCC_WARN_UNUSED_VARIABLE = YES;
				IPHONEOS_DEPLOYMENT_TARGET = 17.5;
				LOCALIZATION_PREFERS_STRING_CATALOGS = YES;
				MTL_ENABLE_DEBUG_INFO = NO;
				MTL_FAST_MATH = YES;
				SDKROOT = iphoneos;
				SWIFT_COMPILATION_MODE = wholemodule;
				VALIDATE_PRODUCT = YES;
			};
			name = Release;
		};
		6E7B0DB72BF8A5200046847C /* Debug */ = {
			isa = XCBuildConfiguration;
			buildSettings = {
				ASSETCATALOG_COMPILER_APPICON_NAME = AppIcon;
				ASSETCATALOG_COMPILER_GLOBAL_ACCENT_COLOR_NAME = AccentColor;
				CODE_SIGN_STYLE = Automatic;
				CURRENT_PROJECT_VERSION = 1;
				DEVELOPMENT_ASSET_PATHS = "\"DatePicker/Preview Content\"";
				ENABLE_PREVIEWS = YES;
				GENERATE_INFOPLIST_FILE = YES;
				INFOPLIST_KEY_UIApplicationSceneManifest_Generation = YES;
				INFOPLIST_KEY_UIApplicationSupportsIndirectInputEvents = YES;
				INFOPLIST_KEY_UILaunchScreen_Generation = YES;
				INFOPLIST_KEY_UISupportedInterfaceOrientations_iPad = "UIInterfaceOrientationPortrait UIInterfaceOrientationPortraitUpsideDown UIInterfaceOrientationLandscapeLeft UIInterfaceOrientationLandscapeRight";
				INFOPLIST_KEY_UISupportedInterfaceOrientations_iPhone = "UIInterfaceOrientationPortrait UIInterfaceOrientationLandscapeLeft UIInterfaceOrientationLandscapeRight";
				LD_RUNPATH_SEARCH_PATHS = (
					"$(inherited)",
					"@executable_path/Frameworks",
				);
				MARKETING_VERSION = 1.0;
				PRODUCT_BUNDLE_IDENTIFIER = com.myname.DatePicker;
				PRODUCT_NAME = "$(TARGET_NAME)";
				SWIFT_EMIT_LOC_STRINGS = YES;
				SWIFT_VERSION = 5.0;
				TARGETED_DEVICE_FAMILY = "1,2";
			};
			name = Debug;
		};
		6E7B0DB82BF8A5200046847C /* Release */ = {
			isa = XCBuildConfiguration;
			buildSettings = {
				ASSETCATALOG_COMPILER_APPICON_NAME = AppIcon;
				ASSETCATALOG_COMPILER_GLOBAL_ACCENT_COLOR_NAME = AccentColor;
				CODE_SIGN_STYLE = Automatic;
				CURRENT_PROJECT_VERSION = 1;
				DEVELOPMENT_ASSET_PATHS = "\"DatePicker/Preview Content\"";
				ENABLE_PREVIEWS = YES;
				GENERATE_INFOPLIST_FILE = YES;
				INFOPLIST_KEY_UIApplicationSceneManifest_Generation = YES;
				INFOPLIST_KEY_UIApplicationSupportsIndirectInputEvents = YES;
				INFOPLIST_KEY_UILaunchScreen_Generation = YES;
				INFOPLIST_KEY_UISupportedInterfaceOrientations_iPad = "UIInterfaceOrientationPortrait UIInterfaceOrientationPortraitUpsideDown UIInterfaceOrientationLandscapeLeft UIInterfaceOrientationLandscapeRight";
				INFOPLIST_KEY_UISupportedInterfaceOrientations_iPhone = "UIInterfaceOrientationPortrait UIInterfaceOrientationLandscapeLeft UIInterfaceOrientationLandscapeRight";
				LD_RUNPATH_SEARCH_PATHS = (
					"$(inherited)",
					"@executable_path/Frameworks",
				);
				MARKETING_VERSION = 1.0;
				PRODUCT_BUNDLE_IDENTIFIER = com.myname.DatePicker;
				PRODUCT_NAME = "$(TARGET_NAME)";
				SWIFT_EMIT_LOC_STRINGS = YES;
				SWIFT_VERSION = 5.0;
				TARGETED_DEVICE_FAMILY = "1,2";
			};
			name = Release;
		};
		6E7B0DBA2BF8A5200046847C /* Debug */ = {
			isa = XCBuildConfiguration;
			buildSettings = {
				ALWAYS_EMBED_SWIFT_STANDARD_LIBRARIES = YES;
				BUNDLE_LOADER = "$(TEST_HOST)";
				CODE_SIGN_STYLE = Automatic;
				CURRENT_PROJECT_VERSION = 1;
				GENERATE_INFOPLIST_FILE = YES;
				IPHONEOS_DEPLOYMENT_TARGET = 17.5;
				MARKETING_VERSION = 1.0;
				PRODUCT_BUNDLE_IDENTIFIER = com.myname.DatePickerTests;
				PRODUCT_NAME = "$(TARGET_NAME)";
				SWIFT_EMIT_LOC_STRINGS = NO;
				SWIFT_VERSION = 5.0;
				TARGETED_DEVICE_FAMILY = "1,2";
				TEST_HOST = "$(BUILT_PRODUCTS_DIR)/DatePicker.app/$(BUNDLE_EXECUTABLE_FOLDER_PATH)/DatePicker";
			};
			name = Debug;
		};
		6E7B0DBB2BF8A5200046847C /* Release */ = {
			isa = XCBuildConfiguration;
			buildSettings = {
				ALWAYS_EMBED_SWIFT_STANDARD_LIBRARIES = YES;
				BUNDLE_LOADER = "$(TEST_HOST)";
				CODE_SIGN_STYLE = Automatic;
				CURRENT_PROJECT_VERSION = 1;
				GENERATE_INFOPLIST_FILE = YES;
				IPHONEOS_DEPLOYMENT_TARGET = 17.5;
				MARKETING_VERSION = 1.0;
				PRODUCT_BUNDLE_IDENTIFIER = com.myname.DatePickerTests;
				PRODUCT_NAME = "$(TARGET_NAME)";
				SWIFT_EMIT_LOC_STRINGS = NO;
				SWIFT_VERSION = 5.0;
				TARGETED_DEVICE_FAMILY = "1,2";
				TEST_HOST = "$(BUILT_PRODUCTS_DIR)/DatePicker.app/$(BUNDLE_EXECUTABLE_FOLDER_PATH)/DatePicker";
			};
			name = Release;
		};
		6E7B0DBD2BF8A5200046847C /* Debug */ = {
			isa = XCBuildConfiguration;
			buildSettings = {
				ALWAYS_EMBED_SWIFT_STANDARD_LIBRARIES = YES;
				CODE_SIGN_STYLE = Automatic;
				CURRENT_PROJECT_VERSION = 1;
				GENERATE_INFOPLIST_FILE = YES;
				MARKETING_VERSION = 1.0;
				PRODUCT_BUNDLE_IDENTIFIER = com.myname.DatePickerUITests;
				PRODUCT_NAME = "$(TARGET_NAME)";
				SWIFT_EMIT_LOC_STRINGS = NO;
				SWIFT_VERSION = 5.0;
				TARGETED_DEVICE_FAMILY = "1,2";
				TEST_TARGET_NAME = DatePicker;
			};
			name = Debug;
		};
		6E7B0DBE2BF8A5200046847C /* Release */ = {
			isa = XCBuildConfiguration;
			buildSettings = {
				ALWAYS_EMBED_SWIFT_STANDARD_LIBRARIES = YES;
				CODE_SIGN_STYLE = Automatic;
				CURRENT_PROJECT_VERSION = 1;
				GENERATE_INFOPLIST_FILE = YES;
				MARKETING_VERSION = 1.0;
				PRODUCT_BUNDLE_IDENTIFIER = com.myname.DatePickerUITests;
				PRODUCT_NAME = "$(TARGET_NAME)";
				SWIFT_EMIT_LOC_STRINGS = NO;
				SWIFT_VERSION = 5.0;
				TARGETED_DEVICE_FAMILY = "1,2";
				TEST_TARGET_NAME = DatePicker;
			};
			name = Release;
		};
/* End XCBuildConfiguration section */

/* Begin XCConfigurationList section */
		6E7B0D8D2BF8A51E0046847C /* Build configuration list for PBXProject "DatePicker" */ = {
			isa = XCConfigurationList;
			buildConfigurations = (
				6E7B0DB42BF8A5200046847C /* Debug */,
				6E7B0DB52BF8A5200046847C /* Release */,
			);
			defaultConfigurationIsVisible = 0;
			defaultConfigurationName = Release;
		};
		6E7B0DB62BF8A5200046847C /* Build configuration list for PBXNativeTarget "DatePicker" */ = {
			isa = XCConfigurationList;
			buildConfigurations = (
				6E7B0DB72BF8A5200046847C /* Debug */,
				6E7B0DB82BF8A5200046847C /* Release */,
			);
			defaultConfigurationIsVisible = 0;
			defaultConfigurationName = Release;
		};
		6E7B0DB92BF8A5200046847C /* Build configuration list for PBXNativeTarget "DatePickerTests" */ = {
			isa = XCConfigurationList;
			buildConfigurations = (
				6E7B0DBA2BF8A5200046847C /* Debug */,
				6E7B0DBB2BF8A5200046847C /* Release */,
			);
			defaultConfigurationIsVisible = 0;
			defaultConfigurationName = Release;
		};
		6E7B0DBC2BF8A5200046847C /* Build configuration list for PBXNativeTarget "DatePickerUITests" */ = {
			isa = XCConfigurationList;
			buildConfigurations = (
				6E7B0DBD2BF8A5200046847C /* Debug */,
				6E7B0DBE2BF8A5200046847C /* Release */,
			);
			defaultConfigurationIsVisible = 0;
			defaultConfigurationName = Release;
		};
/* End XCConfigurationList section */
	};
	rootObject = 6E7B0D8A2BF8A51E0046847C /* Project object */;
}
